// !$*UTF8*$!
{
	archiveVersion = 1;
	classes = {
	};
	objectVersion = 46;
	objects = {

/* Begin PBXBuildFile section */
		C959FC161FF8D56300FA2709 /* Emoji.swift in Sources */ = {isa = PBXBuildFile; fileRef = C959FC151FF8D56300FA2709 /* Emoji.swift */; };
		C9B815EB1F706A7400D923CD /* AppDelegate.swift in Sources */ = {isa = PBXBuildFile; fileRef = C9B815EA1F706A7400D923CD /* AppDelegate.swift */; };
		C9B815ED1F706A7400D923CD /* ViewController.swift in Sources */ = {isa = PBXBuildFile; fileRef = C9B815EC1F706A7400D923CD /* ViewController.swift */; };
		C9B815F01F706A7400D923CD /* Main.storyboard in Resources */ = {isa = PBXBuildFile; fileRef = C9B815EE1F706A7400D923CD /* Main.storyboard */; };
		C9B815F21F706A7400D923CD /* Assets.xcassets in Resources */ = {isa = PBXBuildFile; fileRef = C9B815F11F706A7400D923CD /* Assets.xcassets */; };
		C9B815F51F706A7400D923CD /* LaunchScreen.storyboard in Resources */ = {isa = PBXBuildFile; fileRef = C9B815F31F706A7400D923CD /* LaunchScreen.storyboard */; };
		C9B815FD1F707FB500D923CD /* DefinitionViewController.swift in Sources */ = {isa = PBXBuildFile; fileRef = C9B815FC1F707FB500D923CD /* DefinitionViewController.swift */; };
/* End PBXBuildFile section */

/* Begin PBXFileReference section */
		C959FC151FF8D56300FA2709 /* Emoji.swift */ = {isa = PBXFileReference; lastKnownFileType = sourcecode.swift; path = Emoji.swift; sourceTree = "<group>"; };
		C9B815E71F706A7400D923CD /* Emoji_Dictionary.app */ = {isa = PBXFileReference; explicitFileType = wrapper.application; includeInIndex = 0; path = Emoji_Dictionary.app; sourceTree = BUILT_PRODUCTS_DIR; };
		C9B815EA1F706A7400D923CD /* AppDelegate.swift */ = {isa = PBXFileReference; lastKnownFileType = sourcecode.swift; path = AppDelegate.swift; sourceTree = "<group>"; };
		C9B815EC1F706A7400D923CD /* ViewController.swift */ = {isa = PBXFileReference; lastKnownFileType = sourcecode.swift; path = ViewController.swift; sourceTree = "<group>"; };
		C9B815EF1F706A7400D923CD /* Base */ = {isa = PBXFileReference; lastKnownFileType = file.storyboard; name = Base; path = Base.lproj/Main.storyboard; sourceTree = "<group>"; };
		C9B815F11F706A7400D923CD /* Assets.xcassets */ = {isa = PBXFileReference; lastKnownFileType = folder.assetcatalog; path = Assets.xcassets; sourceTree = "<group>"; };
		C9B815F41F706A7400D923CD /* Base */ = {isa = PBXFileReference; lastKnownFileType = file.storyboard; name = Base; path = Base.lproj/LaunchScreen.storyboard; sourceTree = "<group>"; };
		C9B815F61F706A7400D923CD /* Info.plist */ = {isa = PBXFileReference; lastKnownFileType = text.plist.xml; path = Info.plist; sourceTree = "<group>"; };
		C9B815FC1F707FB500D923CD /* DefinitionViewController.swift */ = {isa = PBXFileReference; fileEncoding = 4; lastKnownFileType = sourcecode.swift; path = DefinitionViewController.swift; sourceTree = "<group>"; };
/* End PBXFileReference section */

/* Begin PBXFrameworksBuildPhase section */
		C9B815E41F706A7400D923CD /* Frameworks */ = {
			isa = PBXFrameworksBuildPhase;
			buildActionMask = 2147483647;
			files = (
			);
			runOnlyForDeploymentPostprocessing = 0;
		};
/* End PBXFrameworksBuildPhase section */

/* Begin PBXGroup section */
		C9B815DE1F706A7400D923CD = {
			isa = PBXGroup;
			children = (
				C9B815E91F706A7400D923CD /* Emoji_Dictionary */,
				C9B815E81F706A7400D923CD /* Products */,
			);
			sourceTree = "<group>";
		};
		C9B815E81F706A7400D923CD /* Products */ = {
			isa = PBXGroup;
			children = (
				C9B815E71F706A7400D923CD /* Emoji_Dictionary.app */,
			);
			name = Products;
			sourceTree = "<group>";
		};
		C9B815E91F706A7400D923CD /* Emoji_Dictionary */ = {
			isa = PBXGroup;
			children = (
				C9B815EA1F706A7400D923CD /* AppDelegate.swift */,
				C9B815EC1F706A7400D923CD /* ViewController.swift */,
				C9B815FC1F707FB500D923CD /* DefinitionViewController.swift */,
				C959FC151FF8D56300FA2709 /* Emoji.swift */,
				C9B815EE1F706A7400D923CD /* Main.storyboard */,
				C9B815F11F706A7400D923CD /* Assets.xcassets */,
				C9B815F31F706A7400D923CD /* LaunchScreen.storyboard */,
				C9B815F61F706A7400D923CD /* Info.plist */,
			);
			path = Emoji_Dictionary;
			sourceTree = "<group>";
		};
/* End PBXGroup section */

/* Begin PBXNativeTarget section */
		C9B815E61F706A7400D923CD /* Emoji_Dictionary */ = {
			isa = PBXNativeTarget;
			buildConfigurationList = C9B815F91F706A7400D923CD /* Build configuration list for PBXNativeTarget "Emoji_Dictionary" */;
			buildPhases = (
				C9B815E31F706A7400D923CD /* Sources */,
				C9B815E41F706A7400D923CD /* Frameworks */,
				C9B815E51F706A7400D923CD /* Resources */,
			);
			buildRules = (
			);
			dependencies = (
			);
			name = Emoji_Dictionary;
			productName = Emoji_Dictionary;
			productReference = C9B815E71F706A7400D923CD /* Emoji_Dictionary.app */;
			productType = "com.apple.product-type.application";
		};
/* End PBXNativeTarget section */

/* Begin PBXProject section */
		C9B815DF1F706A7400D923CD /* Project object */ = {
			isa = PBXProject;
			attributes = {
				LastSwiftUpdateCheck = 0830;
				LastUpgradeCheck = 0910;
				ORGANIZATIONNAME = venor.net;
				TargetAttributes = {
					C9B815E61F706A7400D923CD = {
						CreatedOnToolsVersion = 8.3.3;
						DevelopmentTeam = 4M5VQS23S7;
						LastSwiftMigration = 0910;
						ProvisioningStyle = Automatic;
					};
				};
			};
			buildConfigurationList = C9B815E21F706A7400D923CD /* Build configuration list for PBXProject "Emoji_Dictionary" */;
			compatibilityVersion = "Xcode 3.2";
			developmentRegion = English;
			hasScannedForEncodings = 0;
			knownRegions = (
				en,
				Base,
			);
			mainGroup = C9B815DE1F706A7400D923CD;
			productRefGroup = C9B815E81F706A7400D923CD /* Products */;
			projectDirPath = "";
			projectRoot = "";
			targets = (
				C9B815E61F706A7400D923CD /* Emoji_Dictionary */,
			);
		};
/* End PBXProject section */

/* Begin PBXResourcesBuildPhase section */
		C9B815E51F706A7400D923CD /* Resources */ = {
			isa = PBXResourcesBuildPhase;
			buildActionMask = 2147483647;
			files = (
				C9B815F51F706A7400D923CD /* LaunchScreen.storyboard in Resources */,
				C9B815F21F706A7400D923CD /* Assets.xcassets in Resources */,
				C9B815F01F706A7400D923CD /* Main.storyboard in Resources */,
			);
			runOnlyForDeploymentPostprocessing = 0;
		};
/* End PBXResourcesBuildPhase section */

/* Begin PBXSourcesBuildPhase section */
		C9B815E31F706A7400D923CD /* Sources */ = {
			isa = PBXSourcesBuildPhase;
			buildActionMask = 2147483647;
			files = (
				C9B815ED1F706A7400D923CD /* ViewController.swift in Sources */,
				C9B815FD1F707FB500D923CD /* DefinitionViewController.swift in Sources */,
				C959FC161FF8D56300FA2709 /* Emoji.swift in Sources */,
				C9B815EB1F706A7400D923CD /* AppDelegate.swift in Sources */,
			);
			runOnlyForDeploymentPostprocessing = 0;
		};
/* End PBXSourcesBuildPhase section */

/* Begin PBXVariantGroup section */
		C9B815EE1F706A7400D923CD /* Main.storyboard */ = {
			isa = PBXVariantGroup;
			children = (
				C9B815EF1F706A7400D923CD /* Base */,
			);
			name = Main.storyboard;
			sourceTree = "<group>";
		};
		C9B815F31F706A7400D923CD /* LaunchScreen.storyboard */ = {
			isa = PBXVariantGroup;
			children = (
				C9B815F41F706A7400D923CD /* Base */,
			);
			name = LaunchScreen.storyboard;
			sourceTree = "<group>";
		};
/* End PBXVariantGroup section */

/* Begin XCBuildConfiguration section */
		C9B815F71F706A7400D923CD /* Debug */ = {
			isa = XCBuildConfiguration;
			buildSettings = {
				ALWAYS_SEARCH_USER_PATHS = NO;
				CLANG_ANALYZER_NONNULL = YES;
				CLANG_ANALYZER_NUMBER_OBJECT_CONVERSION = YES_AGGRESSIVE;
				CLANG_CXX_LANGUAGE_STANDARD = "gnu++0x";
				CLANG_CXX_LIBRARY = "libc++";
				CLANG_ENABLE_MODULES = YES;
				CLANG_ENABLE_OBJC_ARC = YES;
				CLANG_WARN_BLOCK_CAPTURE_AUTORELEASING = YES;
				CLANG_WARN_BOOL_CONVERSION = YES;
				CLANG_WARN_COMMA = YES;
				CLANG_WARN_CONSTANT_CONVERSION = YES;
				CLANG_WARN_DIRECT_OBJC_ISA_USAGE = YES_ERROR;
				CLANG_WARN_DOCUMENTATION_COMMENTS = YES;
				CLANG_WARN_EMPTY_BODY = YES;
				CLANG_WARN_ENUM_CONVERSION = YES;
				CLANG_WARN_INFINITE_RECURSION = YES;
				CLANG_WARN_INT_CONVERSION = YES;
				CLANG_WARN_NON_LITERAL_NULL_CONVERSION = YES;
				CLANG_WARN_OBJC_LITERAL_CONVERSION = YES;
				CLANG_WARN_OBJC_ROOT_CLASS = YES_ERROR;
				CLANG_WARN_RANGE_LOOP_ANALYSIS = YES;
				CLANG_WARN_STRICT_PROTOTYPES = YES;
				CLANG_WARN_SUSPICIOUS_MOVE = YES;
				CLANG_WARN_UNREACHABLE_CODE = YES;
				CLANG_WARN__DUPLICATE_METHOD_MATCH = YES;
				"CODE_SIGN_IDENTITY[sdk=iphoneos*]" = "iPhone Developer";
				COPY_PHASE_STRIP = NO;
				DEBUG_INFORMATION_FORMAT = dwarf;
				ENABLE_STRICT_OBJC_MSGSEND = YES;
				ENABLE_TESTABILITY = YES;
				GCC_C_LANGUAGE_STANDARD = gnu99;
				GCC_DYNAMIC_NO_PIC = NO;
				GCC_NO_COMMON_BLOCKS = YES;
				GCC_OPTIMIZATION_LEVEL = 0;
				GCC_PREPROCESSOR_DEFINITIONS = (
					"DEBUG=1",
					"$(inherited)",
				);
				GCC_WARN_64_TO_32_BIT_CONVERSION = YES;
				GCC_WARN_ABOUT_RETURN_TYPE = YES_ERROR;
				GCC_WARN_UNDECLARED_SELECTOR = YES;
				GCC_WARN_UNINITIALIZED_AUTOS = YES_AGGRESSIVE;
				GCC_WARN_UNUSED_FUNCTION = YES;
				GCC_WARN_UNUSED_VARIABLE = YES;
				IPHONEOS_DEPLOYMENT_TARGET = 11.1;
				MTL_ENABLE_DEBUG_INFO = YES;
				ONLY_ACTIVE_ARCH = YES;
				SDKROOT = iphoneos;
				SWIFT_ACTIVE_COMPILATION_CONDITIONS = DEBUG;
				SWIFT_OPTIMIZATION_LEVEL = "-Onone";
				TARGETED_DEVICE_FAMILY = "1,2";
			};
			name = Debug;
		};
		C9B815F81F706A7400D923CD /* Release */ = {
			isa = XCBuildConfiguration;
			buildSettings = {
				ALWAYS_SEARCH_USER_PATHS = NO;
				CLANG_ANALYZER_NONNULL = YES;
				CLANG_ANALYZER_NUMBER_OBJECT_CONVERSION = YES_AGGRESSIVE;
				CLANG_CXX_LANGUAGE_STANDARD = "gnu++0x";
				CLANG_CXX_LIBRARY = "libc++";
				CLANG_ENABLE_MODULES = YES;
				CLANG_ENABLE_OBJC_ARC = YES;
				CLANG_WARN_BLOCK_CAPTURE_AUTORELEASING = YES;
				CLANG_WARN_BOOL_CONVERSION = YES;
				CLANG_WARN_COMMA = YES;
				CLANG_WARN_CONSTANT_CONVERSION = YES;
				CLANG_WARN_DIRECT_OBJC_ISA_USAGE = YES_ERROR;
				CLANG_WARN_DOCUMENTATION_COMMENTS = YES;
				CLANG_WARN_EMPTY_BODY = YES;
				CLANG_WARN_ENUM_CONVERSION = YES;
				CLANG_WARN_INFINITE_RECURSION = YES;
				CLANG_WARN_INT_CONVERSION = YES;
				CLANG_WARN_NON_LITERAL_NULL_CONVERSION = YES;
				CLANG_WARN_OBJC_LITERAL_CONVERSION = YES;
				CLANG_WARN_OBJC_ROOT_CLASS = YES_ERROR;
				CLANG_WARN_RANGE_LOOP_ANALYSIS = YES;
				CLANG_WARN_STRICT_PROTOTYPES = YES;
				CLANG_WARN_SUSPICIOUS_MOVE = YES;
				CLANG_WARN_UNREACHABLE_CODE = YES;
				CLANG_WARN__DUPLICATE_METHOD_MATCH = YES;
				"CODE_SIGN_IDENTITY[sdk=iphoneos*]" = "iPhone Developer";
				COPY_PHASE_STRIP = NO;
				DEBUG_INFORMATION_FORMAT = "dwarf-with-dsym";
				ENABLE_NS_ASSERTIONS = NO;
				ENABLE_STRICT_OBJC_MSGSEND = YES;
				GCC_C_LANGUAGE_STANDARD = gnu99;
				GCC_NO_COMMON_BLOCKS = YES;
				GCC_WARN_64_TO_32_BIT_CONVERSION = YES;
				GCC_WARN_ABOUT_RETURN_TYPE = YES_ERROR;
				GCC_WARN_UNDECLARED_SELECTOR = YES;
				GCC_WARN_UNINITIALIZED_AUTOS = YES_AGGRESSIVE;
				GCC_WARN_UNUSED_FUNCTION = YES;
				GCC_WARN_UNUSED_VARIABLE = YES;
				IPHONEOS_DEPLOYMENT_TARGET = 11.1;
				MTL_ENABLE_DEBUG_INFO = NO;
				SDKROOT = iphoneos;
				SWIFT_OPTIMIZATION_LEVEL = "-Owholemodule";
				TARGETED_DEVICE_FAMILY = "1,2";
				VALIDATE_PRODUCT = YES;
			};
			name = Release;
		};
		C9B815FA1F706A7400D923CD /* Debug */ = {
			isa = XCBuildConfiguration;
			buildSettings = {
				ASSETCATALOG_COMPILER_APPICON_NAME = AppIcon;
				DEVELOPMENT_TEAM = 4M5VQS23S7;
				INFOPLIST_FILE = Emoji_Dictionary/Info.plist;
				LD_RUNPATH_SEARCH_PATHS = "$(inherited) @executable_path/Frameworks";
				PRODUCT_BUNDLE_IDENTIFIER = "com.example.Emoji-Dictionary";
				PRODUCT_NAME = "$(TARGET_NAME)";
				SWIFT_SWIFT3_OBJC_INFERENCE = On;
				SWIFT_VERSION = 4.0;
			};
			name = Debug;
		};
		C9B815FB1F706A7400D923CD /* Release */ = {
			isa = XCBuildConfiguration;
			buildSettings = {
				ASSETCATALOG_COMPILER_APPICON_NAME = AppIcon;
				DEVELOPMENT_TEAM = 4M5VQS23S7;
				INFOPLIST_FILE = Emoji_Dictionary/Info.plist;
				LD_RUNPATH_SEARCH_PATHS = "$(inherited) @executable_path/Frameworks";
				PRODUCT_BUNDLE_IDENTIFIER = "com.example.Emoji-Dictionary";
				PRODUCT_NAME = "$(TARGET_NAME)";
				SWIFT_SWIFT3_OBJC_INFERENCE = On;
				SWIFT_VERSION = 4.0;
			};
			name = Release;
		};
/* End XCBuildConfiguration section */

/* Begin XCConfigurationList section */
		C9B815E21F706A7400D923CD /* Build configuration list for PBXProject "Emoji_Dictionary" */ = {
			isa = XCConfigurationList;
			buildConfigurations = (
				C9B815F71F706A7400D923CD /* Debug */,
				C9B815F81F706A7400D923CD /* Release */,
			);
			defaultConfigurationIsVisible = 0;
			defaultConfigurationName = Release;
		};
		C9B815F91F706A7400D923CD /* Build configuration list for PBXNativeTarget "Emoji_Dictionary" */ = {
			isa = XCConfigurationList;
			buildConfigurations = (
				C9B815FA1F706A7400D923CD /* Debug */,
				C9B815FB1F706A7400D923CD /* Release */,
			);
			defaultConfigurationIsVisible = 0;
			defaultConfigurationName = Release;
		};
/* End XCConfigurationList section */
	};
	rootObject = C9B815DF1F706A7400D923CD /* Project object */;
}
